
Microsoft Visual Studio Solution File, Format Version 12.00
# Visual Studio Version 16
VisualStudioVersion = 16.0.34407.143
MinimumVisualStudioVersion = 10.0.40219.1
Project("{FAE04EC0-301F-11D3-BF4B-00C04F79EFBC}") = "35987782_Makwakwa_SU3_pRAC5", "35987782_Makwakwa_SU3_pRAC5.csproj", "{6A868813-E1C1-4E31-B4DB-BACA8FDD743B}"
EndProject
Global
	GlobalSection(SolutionConfigurationPlatforms) = preSolution
		Debug|Any CPU = Debug|Any CPU
		Release|Any CPU = Release|Any CPU
	EndGlobalSection
	GlobalSection(ProjectConfigurationPlatforms) = postSolution
		{6A868813-E1C1-4E31-B4DB-BACA8FDD743B}.Debug|Any CPU.ActiveCfg = Debug|Any CPU
		{6A868813-E1C1-4E31-B4DB-BACA8FDD743B}.Debug|Any CPU.Build.0 = Debug|Any CPU
		{6A868813-E1C1-4E31-B4DB-BACA8FDD743B}.Release|Any CPU.ActiveCfg = Release|Any CPU
		{6A868813-E1C1-4E31-B4DB-BACA8FDD743B}.Release|Any CPU.Build.0 = Release|Any CPU
	EndGlobalSection
	GlobalSection(SolutionProperties) = preSolution
		HideSolutionNode = FALSE
	EndGlobalSection
	GlobalSection(ExtensibilityGlobals) = postSolution
		SolutionGuid = {73BE5DC0-117E-4697-89C0-11DF733DB7AA}
	EndGlobalSection
EndGlobal
